
Microsoft Visual Studio Solution File, Format Version 12.00
# Visual Studio 15
VisualStudioVersion = 15.0.28307.902
MinimumVisualStudioVersion = 10.0.40219.1
Project("{FAE04EC0-301F-11D3-BF4B-00C04F79EFBC}") = "ProviderTechApiExample", "ProviderTechApiExample\ProviderTechApiExample.csproj", "{FB14010E-EC87-461B-A9FE-332D86E234E4}"
EndProject
Global
	GlobalSection(SolutionConfigurationPlatforms) = preSolution
		Debug|Any CPU = Debug|Any CPU
		Release|Any CPU = Release|Any CPU
	EndGlobalSection
	GlobalSection(ProjectConfigurationPlatforms) = postSolution
		{FB14010E-EC87-461B-A9FE-332D86E234E4}.Debug|Any CPU.ActiveCfg = Debug|Any CPU
		{FB14010E-EC87-461B-A9FE-332D86E234E4}.Debug|Any CPU.Build.0 = Debug|Any CPU
		{FB14010E-EC87-461B-A9FE-332D86E234E4}.Release|Any CPU.ActiveCfg = Release|Any CPU
		{FB14010E-EC87-461B-A9FE-332D86E234E4}.Release|Any CPU.Build.0 = Release|Any CPU
	EndGlobalSection
	GlobalSection(SolutionProperties) = preSolution
		HideSolutionNode = FALSE
	EndGlobalSection
	GlobalSection(ExtensibilityGlobals) = postSolution
		SolutionGuid = {2B76C39C-DC66-4740-B70E-68C1D1851449}
	EndGlobalSection
EndGlobal
